
Microsoft Visual Studio Solution File, Format Version 12.00
# Visual Studio Version 16
VisualStudioVersion = 16.0.31205.134
MinimumVisualStudioVersion = 10.0.40219.1
Project("{8BC9CEB8-8B4A-11D0-8D11-00A0C91BC942}") = "Snake", "Snake\Snake.vcxproj", "{ED9FFFD2-4791-4E56-8A8E-40A8953DD6CE}"
EndProject
Global
	GlobalSection(SolutionConfigurationPlatforms) = preSolution
		Debug|x64 = Debug|x64
		Debug|x86 = Debug|x86
		Release|x64 = Release|x64
		Release|x86 = Release|x86
	EndGlobalSection
	GlobalSection(ProjectConfigurationPlatforms) = postSolution
		{ED9FFFD2-4791-4E56-8A8E-40A8953DD6CE}.Debug|x64.ActiveCfg = Debug|x64
		{ED9FFFD2-4791-4E56-8A8E-40A8953DD6CE}.Debug|x64.Build.0 = Debug|x64
		{ED9FFFD2-4791-4E56-8A8E-40A8953DD6CE}.Debug|x86.ActiveCfg = Debug|Win32
		{ED9FFFD2-4791-4E56-8A8E-40A8953DD6CE}.Debug|x86.Build.0 = Debug|Win32
		{ED9FFFD2-4791-4E56-8A8E-40A8953DD6CE}.Release|x64.ActiveCfg = Release|x64
		{ED9FFFD2-4791-4E56-8A8E-40A8953DD6CE}.Release|x64.Build.0 = Release|x64
		{ED9FFFD2-4791-4E56-8A8E-40A8953DD6CE}.Release|x86.ActiveCfg = Release|Win32
		{ED9FFFD2-4791-4E56-8A8E-40A8953DD6CE}.Release|x86.Build.0 = Release|Win32
	EndGlobalSection
	GlobalSection(SolutionProperties) = preSolution
		HideSolutionNode = FALSE
	EndGlobalSection
	GlobalSection(ExtensibilityGlobals) = postSolution
		SolutionGuid = {E3AE395F-192A-4C19-9D7A-0A49A46EA7F0}
	EndGlobalSection
EndGlobal
